
Microsoft Visual Studio Solution File, Format Version 12.00
# Visual Studio Version 17
VisualStudioVersion = 17.10.34928.147
MinimumVisualStudioVersion = 10.0.40219.1
Project("{FAE04EC0-301F-11D3-BF4B-00C04F79EFBC}") = "NewTalents", "NewTalents\NewTalents.csproj", "{2A747628-C7A0-4A47-BBC2-DA322F1C7276}"
EndProject
Project("{FAE04EC0-301F-11D3-BF4B-00C04F79EFBC}") = "TesteNewTalents", "TesteNewTalents\TesteNewTalents.csproj", "{65BE102F-FD10-4050-AE5F-1E0F6287454B}"
EndProject
Global
	GlobalSection(SolutionConfigurationPlatforms) = preSolution
		Debug|Any CPU = Debug|Any CPU
		Release|Any CPU = Release|Any CPU
	EndGlobalSection
	GlobalSection(ProjectConfigurationPlatforms) = postSolution
		{2A747628-C7A0-4A47-BBC2-DA322F1C7276}.Debug|Any CPU.ActiveCfg = Debug|Any CPU
		{2A747628-C7A0-4A47-BBC2-DA322F1C7276}.Debug|Any CPU.Build.0 = Debug|Any CPU
		{2A747628-C7A0-4A47-BBC2-DA322F1C7276}.Release|Any CPU.ActiveCfg = Release|Any CPU
		{2A747628-C7A0-4A47-BBC2-DA322F1C7276}.Release|Any CPU.Build.0 = Release|Any CPU
		{65BE102F-FD10-4050-AE5F-1E0F6287454B}.Debug|Any CPU.ActiveCfg = Debug|Any CPU
		{65BE102F-FD10-4050-AE5F-1E0F6287454B}.Debug|Any CPU.Build.0 = Debug|Any CPU
		{65BE102F-FD10-4050-AE5F-1E0F6287454B}.Release|Any CPU.ActiveCfg = Release|Any CPU
		{65BE102F-FD10-4050-AE5F-1E0F6287454B}.Release|Any CPU.Build.0 = Release|Any CPU
	EndGlobalSection
	GlobalSection(SolutionProperties) = preSolution
		HideSolutionNode = FALSE
	EndGlobalSection
	GlobalSection(ExtensibilityGlobals) = postSolution
		SolutionGuid = {4E4796C2-DC3D-472B-830B-CA6361B533BB}
	EndGlobalSection
EndGlobal
